
Microsoft Visual Studio Solution File, Format Version 12.00
# Visual Studio 15
VisualStudioVersion = 15.0.28307.539
MinimumVisualStudioVersion = 10.0.40219.1
Project("{FAE04EC0-301F-11D3-BF4B-00C04F79EFBC}") = "CustomListProject", "CustomListProject\CustomListProject.csproj", "{93CEB0BF-AF32-42B3-A734-DD2081338150}"
EndProject
Project("{FAE04EC0-301F-11D3-BF4B-00C04F79EFBC}") = "CustomListTests", "CustomListTests\CustomListTests.csproj", "{8CAA0E33-B94B-4D06-930B-EDAB6F2781C4}"
EndProject
Global
	GlobalSection(SolutionConfigurationPlatforms) = preSolution
		Debug|Any CPU = Debug|Any CPU
		Release|Any CPU = Release|Any CPU
	EndGlobalSection
	GlobalSection(ProjectConfigurationPlatforms) = postSolution
		{93CEB0BF-AF32-42B3-A734-DD2081338150}.Debug|Any CPU.ActiveCfg = Debug|Any CPU
		{93CEB0BF-AF32-42B3-A734-DD2081338150}.Debug|Any CPU.Build.0 = Debug|Any CPU
		{93CEB0BF-AF32-42B3-A734-DD2081338150}.Release|Any CPU.ActiveCfg = Release|Any CPU
		{93CEB0BF-AF32-42B3-A734-DD2081338150}.Release|Any CPU.Build.0 = Release|Any CPU
		{8CAA0E33-B94B-4D06-930B-EDAB6F2781C4}.Debug|Any CPU.ActiveCfg = Debug|Any CPU
		{8CAA0E33-B94B-4D06-930B-EDAB6F2781C4}.Debug|Any CPU.Build.0 = Debug|Any CPU
		{8CAA0E33-B94B-4D06-930B-EDAB6F2781C4}.Release|Any CPU.ActiveCfg = Release|Any CPU
		{8CAA0E33-B94B-4D06-930B-EDAB6F2781C4}.Release|Any CPU.Build.0 = Release|Any CPU
	EndGlobalSection
	GlobalSection(SolutionProperties) = preSolution
		HideSolutionNode = FALSE
	EndGlobalSection
	GlobalSection(ExtensibilityGlobals) = postSolution
		SolutionGuid = {854D3DB6-2E01-499D-B262-D3E75AF92495}
	EndGlobalSection
EndGlobal
